// !$*UTF8*$!
{
	archiveVersion = 1;
	classes = {
	};
	objectVersion = 55;
	objects = {

/* Begin PBXBuildFile section */
		C7013E922850D6D90005F96D /* AppDelegate.swift in Sources */ = {isa = PBXBuildFile; fileRef = C7013E912850D6D90005F96D /* AppDelegate.swift */; };
		C7013E942850D6D90005F96D /* SceneDelegate.swift in Sources */ = {isa = PBXBuildFile; fileRef = C7013E932850D6D90005F96D /* SceneDelegate.swift */; };
		C7013E9B2850D6DA0005F96D /* Assets.xcassets in Resources */ = {isa = PBXBuildFile; fileRef = C7013E9A2850D6DA0005F96D /* Assets.xcassets */; };
		C7013E9E2850D6DA0005F96D /* LaunchScreen.storyboard in Resources */ = {isa = PBXBuildFile; fileRef = C7013E9C2850D6DA0005F96D /* LaunchScreen.storyboard */; };
		C7013EA6285100850005F96D /* SearchViewController.swift in Sources */ = {isa = PBXBuildFile; fileRef = C7013EA5285100850005F96D /* SearchViewController.swift */; };
		C7013EA8285100A70005F96D /* FavoritesListViewController.swift in Sources */ = {isa = PBXBuildFile; fileRef = C7013EA7285100A70005F96D /* FavoritesListViewController.swift */; };
		C7013EC42851354E0005F96D /* GFButton.swift in Sources */ = {isa = PBXBuildFile; fileRef = C7013EC32851354E0005F96D /* GFButton.swift */; };
		C7013EC6285140540005F96D /* GFTextField.swift in Sources */ = {isa = PBXBuildFile; fileRef = C7013EC5285140540005F96D /* GFTextField.swift */; };
		C7013ECC2852112A0005F96D /* FollowersListViewController.swift in Sources */ = {isa = PBXBuildFile; fileRef = C7013ECB2852112A0005F96D /* FollowersListViewController.swift */; };
		C7013ED0285265840005F96D /* GFTitleLabel.swift in Sources */ = {isa = PBXBuildFile; fileRef = C7013ECF285265840005F96D /* GFTitleLabel.swift */; };
		C7013ED2285266810005F96D /* GFBodyLabel.swift in Sources */ = {isa = PBXBuildFile; fileRef = C7013ED1285266810005F96D /* GFBodyLabel.swift */; };
		C7013ED4285267180005F96D /* GFAlertViewController.swift in Sources */ = {isa = PBXBuildFile; fileRef = C7013ED3285267180005F96D /* GFAlertViewController.swift */; };
		C7013ED628526C530005F96D /* UIViewController+Ext.swift in Sources */ = {isa = PBXBuildFile; fileRef = C7013ED528526C530005F96D /* UIViewController+Ext.swift */; };
		C72A974428634F5400DB7636 /* UIView+Ext.swift in Sources */ = {isa = PBXBuildFile; fileRef = C72A974328634F5400DB7636 /* UIView+Ext.swift */; };
		C72A974628648CB300DB7636 /* UITableView+Ext.swift in Sources */ = {isa = PBXBuildFile; fileRef = C72A974528648CB300DB7636 /* UITableView+Ext.swift */; };
		C75E465128535FFD00A3BF4B /* Follower.swift in Sources */ = {isa = PBXBuildFile; fileRef = C75E465028535FFD00A3BF4B /* Follower.swift */; };
		C75E4653285360C800A3BF4B /* User.swift in Sources */ = {isa = PBXBuildFile; fileRef = C75E4652285360C800A3BF4B /* User.swift */; };
		C75E46562853634B00A3BF4B /* NetworkManager.swift in Sources */ = {isa = PBXBuildFile; fileRef = C75E46552853634B00A3BF4B /* NetworkManager.swift */; };
		C75E465928536B5300A3BF4B /* GFError.swift in Sources */ = {isa = PBXBuildFile; fileRef = C75E465828536B5300A3BF4B /* GFError.swift */; };
		C75E465C2853708300A3BF4B /* FollowerCell.swift in Sources */ = {isa = PBXBuildFile; fileRef = C75E465B2853708300A3BF4B /* FollowerCell.swift */; };
		C75E465E285370F800A3BF4B /* GFAvatarImageView.swift in Sources */ = {isa = PBXBuildFile; fileRef = C75E465D285370F800A3BF4B /* GFAvatarImageView.swift */; };
		C75E4660285637BF00A3BF4B /* UIHelper.swift in Sources */ = {isa = PBXBuildFile; fileRef = C75E465F285637BF00A3BF4B /* UIHelper.swift */; };
		C75E466228565D4600A3BF4B /* GFEmptyStateView.swift in Sources */ = {isa = PBXBuildFile; fileRef = C75E466128565D4600A3BF4B /* GFEmptyStateView.swift */; };
		C78259C5285A6E2200BCC470 /* UserInfoViewController.swift in Sources */ = {isa = PBXBuildFile; fileRef = C78259C4285A6E2200BCC470 /* UserInfoViewController.swift */; };
		C78259C7285B51A100BCC470 /* GFUserHeaderInfoViewController.swift in Sources */ = {isa = PBXBuildFile; fileRef = C78259C6285B51A100BCC470 /* GFUserHeaderInfoViewController.swift */; };
		C78259CA285B51F700BCC470 /* GFSecondaryLabel.swift in Sources */ = {isa = PBXBuildFile; fileRef = C78259C9285B51F700BCC470 /* GFSecondaryLabel.swift */; };
		C78259CC285B582300BCC470 /* Constants.swift in Sources */ = {isa = PBXBuildFile; fileRef = C78259CB285B582300BCC470 /* Constants.swift */; };
		C7E39708285FE30A00B714D8 /* PersistenceManager.swift in Sources */ = {isa = PBXBuildFile; fileRef = C7E39707285FE30A00B714D8 /* PersistenceManager.swift */; };
		C7E3970A2860994100B714D8 /* FavoriteCell.swift in Sources */ = {isa = PBXBuildFile; fileRef = C7E397092860994100B714D8 /* FavoriteCell.swift */; };
		C7E397102860D1EB00B714D8 /* GFTabBarViewController.swift in Sources */ = {isa = PBXBuildFile; fileRef = C7E3970F2860D1EB00B714D8 /* GFTabBarViewController.swift */; };
		C7E397122860D78B00B714D8 /* GFAlertContainerView.swift in Sources */ = {isa = PBXBuildFile; fileRef = C7E397112860D78B00B714D8 /* GFAlertContainerView.swift */; };
		C7E397142860DC8800B714D8 /* GFDataLoadingViewController.swift in Sources */ = {isa = PBXBuildFile; fileRef = C7E397132860DC8800B714D8 /* GFDataLoadingViewController.swift */; };
		C7F751E1285D1959004DBDB2 /* GFItemInfoView.swift in Sources */ = {isa = PBXBuildFile; fileRef = C7F751E0285D1959004DBDB2 /* GFItemInfoView.swift */; };
		C7F751E4285D27E7004DBDB2 /* GFItemInfoViewController.swift in Sources */ = {isa = PBXBuildFile; fileRef = C7F751E3285D27E7004DBDB2 /* GFItemInfoViewController.swift */; };
		C7F751E6285D2D19004DBDB2 /* GFItemRepoViewController.swift in Sources */ = {isa = PBXBuildFile; fileRef = C7F751E5285D2D19004DBDB2 /* GFItemRepoViewController.swift */; };
		C7F751EA285D2EBF004DBDB2 /* GFFollowerItemViewController.swift in Sources */ = {isa = PBXBuildFile; fileRef = C7F751E9285D2EBF004DBDB2 /* GFFollowerItemViewController.swift */; };
		C7F751EC285E272E004DBDB2 /* Date+Ext.swift in Sources */ = {isa = PBXBuildFile; fileRef = C7F751EB285E272E004DBDB2 /* Date+Ext.swift */; };
/* End PBXBuildFile section */

/* Begin PBXFileReference section */
		C7013E8E2850D6D90005F96D /* GitHubFollowers.app */ = {isa = PBXFileReference; explicitFileType = wrapper.application; includeInIndex = 0; path = GitHubFollowers.app; sourceTree = BUILT_PRODUCTS_DIR; };
		C7013E912850D6D90005F96D /* AppDelegate.swift */ = {isa = PBXFileReference; lastKnownFileType = sourcecode.swift; path = AppDelegate.swift; sourceTree = "<group>"; };
		C7013E932850D6D90005F96D /* SceneDelegate.swift */ = {isa = PBXFileReference; lastKnownFileType = sourcecode.swift; path = SceneDelegate.swift; sourceTree = "<group>"; };
		C7013E9A2850D6DA0005F96D /* Assets.xcassets */ = {isa = PBXFileReference; lastKnownFileType = folder.assetcatalog; path = Assets.xcassets; sourceTree = "<group>"; };
		C7013E9D2850D6DA0005F96D /* Base */ = {isa = PBXFileReference; lastKnownFileType = file.storyboard; name = Base; path = Base.lproj/LaunchScreen.storyboard; sourceTree = "<group>"; };
		C7013E9F2850D6DA0005F96D /* Info.plist */ = {isa = PBXFileReference; lastKnownFileType = text.plist.xml; path = Info.plist; sourceTree = "<group>"; };
		C7013EA5285100850005F96D /* SearchViewController.swift */ = {isa = PBXFileReference; lastKnownFileType = sourcecode.swift; path = SearchViewController.swift; sourceTree = "<group>"; };
		C7013EA7285100A70005F96D /* FavoritesListViewController.swift */ = {isa = PBXFileReference; lastKnownFileType = sourcecode.swift; path = FavoritesListViewController.swift; sourceTree = "<group>"; };
		C7013EC32851354E0005F96D /* GFButton.swift */ = {isa = PBXFileReference; lastKnownFileType = sourcecode.swift; path = GFButton.swift; sourceTree = "<group>"; };
		C7013EC5285140540005F96D /* GFTextField.swift */ = {isa = PBXFileReference; lastKnownFileType = sourcecode.swift; path = GFTextField.swift; sourceTree = "<group>"; };
		C7013ECB2852112A0005F96D /* FollowersListViewController.swift */ = {isa = PBXFileReference; lastKnownFileType = sourcecode.swift; path = FollowersListViewController.swift; sourceTree = "<group>"; };
		C7013ECF285265840005F96D /* GFTitleLabel.swift */ = {isa = PBXFileReference; lastKnownFileType = sourcecode.swift; path = GFTitleLabel.swift; sourceTree = "<group>"; };
		C7013ED1285266810005F96D /* GFBodyLabel.swift */ = {isa = PBXFileReference; lastKnownFileType = sourcecode.swift; path = GFBodyLabel.swift; sourceTree = "<group>"; };
		C7013ED3285267180005F96D /* GFAlertViewController.swift */ = {isa = PBXFileReference; lastKnownFileType = sourcecode.swift; path = GFAlertViewController.swift; sourceTree = "<group>"; };
		C7013ED528526C530005F96D /* UIViewController+Ext.swift */ = {isa = PBXFileReference; lastKnownFileType = sourcecode.swift; path = "UIViewController+Ext.swift"; sourceTree = "<group>"; };
		C72A974328634F5400DB7636 /* UIView+Ext.swift */ = {isa = PBXFileReference; lastKnownFileType = sourcecode.swift; path = "UIView+Ext.swift"; sourceTree = "<group>"; };
		C72A974528648CB300DB7636 /* UITableView+Ext.swift */ = {isa = PBXFileReference; lastKnownFileType = sourcecode.swift; path = "UITableView+Ext.swift"; sourceTree = "<group>"; };
		C75E465028535FFD00A3BF4B /* Follower.swift */ = {isa = PBXFileReference; lastKnownFileType = sourcecode.swift; path = Follower.swift; sourceTree = "<group>"; };
		C75E4652285360C800A3BF4B /* User.swift */ = {isa = PBXFileReference; lastKnownFileType = sourcecode.swift; path = User.swift; sourceTree = "<group>"; };
		C75E46552853634B00A3BF4B /* NetworkManager.swift */ = {isa = PBXFileReference; lastKnownFileType = sourcecode.swift; path = NetworkManager.swift; sourceTree = "<group>"; };
		C75E465828536B5300A3BF4B /* GFError.swift */ = {isa = PBXFileReference; lastKnownFileType = sourcecode.swift; path = GFError.swift; sourceTree = "<group>"; };
		C75E465B2853708300A3BF4B /* FollowerCell.swift */ = {isa = PBXFileReference; lastKnownFileType = sourcecode.swift; path = FollowerCell.swift; sourceTree = "<group>"; };
		C75E465D285370F800A3BF4B /* GFAvatarImageView.swift */ = {isa = PBXFileReference; lastKnownFileType = sourcecode.swift; path = GFAvatarImageView.swift; sourceTree = "<group>"; };
		C75E465F285637BF00A3BF4B /* UIHelper.swift */ = {isa = PBXFileReference; lastKnownFileType = sourcecode.swift; path = UIHelper.swift; sourceTree = "<group>"; };
		C75E466128565D4600A3BF4B /* GFEmptyStateView.swift */ = {isa = PBXFileReference; lastKnownFileType = sourcecode.swift; path = GFEmptyStateView.swift; sourceTree = "<group>"; };
		C78259C4285A6E2200BCC470 /* UserInfoViewController.swift */ = {isa = PBXFileReference; lastKnownFileType = sourcecode.swift; path = UserInfoViewController.swift; sourceTree = "<group>"; };
		C78259C6285B51A100BCC470 /* GFUserHeaderInfoViewController.swift */ = {isa = PBXFileReference; lastKnownFileType = sourcecode.swift; path = GFUserHeaderInfoViewController.swift; sourceTree = "<group>"; };
		C78259C9285B51F700BCC470 /* GFSecondaryLabel.swift */ = {isa = PBXFileReference; lastKnownFileType = sourcecode.swift; path = GFSecondaryLabel.swift; sourceTree = "<group>"; };
		C78259CB285B582300BCC470 /* Constants.swift */ = {isa = PBXFileReference; lastKnownFileType = sourcecode.swift; path = Constants.swift; sourceTree = "<group>"; };
		C7E39707285FE30A00B714D8 /* PersistenceManager.swift */ = {isa = PBXFileReference; lastKnownFileType = sourcecode.swift; path = PersistenceManager.swift; sourceTree = "<group>"; };
		C7E397092860994100B714D8 /* FavoriteCell.swift */ = {isa = PBXFileReference; lastKnownFileType = sourcecode.swift; path = FavoriteCell.swift; sourceTree = "<group>"; };
		C7E3970F2860D1EB00B714D8 /* GFTabBarViewController.swift */ = {isa = PBXFileReference; lastKnownFileType = sourcecode.swift; path = GFTabBarViewController.swift; sourceTree = "<group>"; };
		C7E397112860D78B00B714D8 /* GFAlertContainerView.swift */ = {isa = PBXFileReference; lastKnownFileType = sourcecode.swift; path = GFAlertContainerView.swift; sourceTree = "<group>"; };
		C7E397132860DC8800B714D8 /* GFDataLoadingViewController.swift */ = {isa = PBXFileReference; lastKnownFileType = sourcecode.swift; path = GFDataLoadingViewController.swift; sourceTree = "<group>"; };
		C7F751E0285D1959004DBDB2 /* GFItemInfoView.swift */ = {isa = PBXFileReference; lastKnownFileType = sourcecode.swift; path = GFItemInfoView.swift; sourceTree = "<group>"; };
		C7F751E3285D27E7004DBDB2 /* GFItemInfoViewController.swift */ = {isa = PBXFileReference; lastKnownFileType = sourcecode.swift; path = GFItemInfoViewController.swift; sourceTree = "<group>"; };
		C7F751E5285D2D19004DBDB2 /* GFItemRepoViewController.swift */ = {isa = PBXFileReference; lastKnownFileType = sourcecode.swift; path = GFItemRepoViewController.swift; sourceTree = "<group>"; };
		C7F751E9285D2EBF004DBDB2 /* GFFollowerItemViewController.swift */ = {isa = PBXFileReference; lastKnownFileType = sourcecode.swift; path = GFFollowerItemViewController.swift; sourceTree = "<group>"; };
		C7F751EB285E272E004DBDB2 /* Date+Ext.swift */ = {isa = PBXFileReference; lastKnownFileType = sourcecode.swift; path = "Date+Ext.swift"; sourceTree = "<group>"; };
/* End PBXFileReference section */

/* Begin PBXFrameworksBuildPhase section */
		C7013E8B2850D6D90005F96D /* Frameworks */ = {
			isa = PBXFrameworksBuildPhase;
			buildActionMask = 2147483647;
			files = (
			);
			runOnlyForDeploymentPostprocessing = 0;
		};
/* End PBXFrameworksBuildPhase section */

/* Begin PBXGroup section */
		C7013E852850D6D90005F96D = {
			isa = PBXGroup;
			children = (
				C7013E902850D6D90005F96D /* GitHubFollowers */,
				C7013E8F2850D6D90005F96D /* Products */,
			);
			sourceTree = "<group>";
		};
		C7013E8F2850D6D90005F96D /* Products */ = {
			isa = PBXGroup;
			children = (
				C7013E8E2850D6D90005F96D /* GitHubFollowers.app */,
			);
			name = Products;
			sourceTree = "<group>";
		};
		C7013E902850D6D90005F96D /* GitHubFollowers */ = {
			isa = PBXGroup;
			children = (
				C75E465728536B4000A3BF4B /* Utilities */,
				C75E46542853633B00A3BF4B /* Managers */,
				C75E464F28535FEC00A3BF4B /* Models */,
				C7013E9F2850D6DA0005F96D /* Info.plist */,
				C7013EDA285277480005F96D /* Support */,
				C7013ED92852771B0005F96D /* Extensions */,
				C7013ED8285277000005F96D /* Custom Views */,
				C7013ED7285276BA0005F96D /* Screens */,
			);
			path = GitHubFollowers;
			sourceTree = "<group>";
		};
		C7013ED7285276BA0005F96D /* Screens */ = {
			isa = PBXGroup;
			children = (
				C7013EA5285100850005F96D /* SearchViewController.swift */,
				C7013EA7285100A70005F96D /* FavoritesListViewController.swift */,
				C7013ECB2852112A0005F96D /* FollowersListViewController.swift */,
				C78259C4285A6E2200BCC470 /* UserInfoViewController.swift */,
			);
			path = Screens;
			sourceTree = "<group>";
		};
		C7013ED8285277000005F96D /* Custom Views */ = {
			isa = PBXGroup;
			children = (
				C7F751E2285D27C6004DBDB2 /* View Controllers */,
				C7B23301285D190E003F1521 /* Views */,
				C78259C8285B51D600BCC470 /* Labels */,
				C75E465A2853706800A3BF4B /* Cells */,
				C7013EC5285140540005F96D /* GFTextField.swift */,
				C7013EC32851354E0005F96D /* GFButton.swift */,
				C75E465D285370F800A3BF4B /* GFAvatarImageView.swift */,
				C7E3970F2860D1EB00B714D8 /* GFTabBarViewController.swift */,
			);
			path = "Custom Views";
			sourceTree = "<group>";
		};
		C7013ED92852771B0005F96D /* Extensions */ = {
			isa = PBXGroup;
			children = (
				C7013ED528526C530005F96D /* UIViewController+Ext.swift */,
				C7F751EB285E272E004DBDB2 /* Date+Ext.swift */,
				C72A974328634F5400DB7636 /* UIView+Ext.swift */,
				C72A974528648CB300DB7636 /* UITableView+Ext.swift */,
			);
			path = Extensions;
			sourceTree = "<group>";
		};
		C7013EDA285277480005F96D /* Support */ = {
			isa = PBXGroup;
			children = (
				C7013E912850D6D90005F96D /* AppDelegate.swift */,
				C7013E932850D6D90005F96D /* SceneDelegate.swift */,
				C7013E9A2850D6DA0005F96D /* Assets.xcassets */,
				C7013E9C2850D6DA0005F96D /* LaunchScreen.storyboard */,
			);
			path = Support;
			sourceTree = "<group>";
		};
		C75E464F28535FEC00A3BF4B /* Models */ = {
			isa = PBXGroup;
			children = (
				C75E465028535FFD00A3BF4B /* Follower.swift */,
				C75E4652285360C800A3BF4B /* User.swift */,
			);
			path = Models;
			sourceTree = "<group>";
		};
		C75E46542853633B00A3BF4B /* Managers */ = {
			isa = PBXGroup;
			children = (
				C75E46552853634B00A3BF4B /* NetworkManager.swift */,
				C7E39707285FE30A00B714D8 /* PersistenceManager.swift */,
			);
			path = Managers;
			sourceTree = "<group>";
		};
		C75E465728536B4000A3BF4B /* Utilities */ = {
			isa = PBXGroup;
			children = (
				C75E465828536B5300A3BF4B /* GFError.swift */,
				C75E465F285637BF00A3BF4B /* UIHelper.swift */,
				C78259CB285B582300BCC470 /* Constants.swift */,
			);
			path = Utilities;
			sourceTree = "<group>";
		};
		C75E465A2853706800A3BF4B /* Cells */ = {
			isa = PBXGroup;
			children = (
				C75E465B2853708300A3BF4B /* FollowerCell.swift */,
				C7E397092860994100B714D8 /* FavoriteCell.swift */,
			);
			path = Cells;
			sourceTree = "<group>";
		};
		C78259C8285B51D600BCC470 /* Labels */ = {
			isa = PBXGroup;
			children = (
				C7013ECF285265840005F96D /* GFTitleLabel.swift */,
				C7013ED1285266810005F96D /* GFBodyLabel.swift */,
				C78259C9285B51F700BCC470 /* GFSecondaryLabel.swift */,
			);
			path = Labels;
			sourceTree = "<group>";
		};
		C7B23301285D190E003F1521 /* Views */ = {
			isa = PBXGroup;
			children = (
				C75E466128565D4600A3BF4B /* GFEmptyStateView.swift */,
				C7F751E0285D1959004DBDB2 /* GFItemInfoView.swift */,
				C7E397112860D78B00B714D8 /* GFAlertContainerView.swift */,
			);
			path = Views;
			sourceTree = "<group>";
		};
		C7F751E2285D27C6004DBDB2 /* View Controllers */ = {
			isa = PBXGroup;
			children = (
				C7013ED3285267180005F96D /* GFAlertViewController.swift */,
				C78259C6285B51A100BCC470 /* GFUserHeaderInfoViewController.swift */,
				C7F751E3285D27E7004DBDB2 /* GFItemInfoViewController.swift */,
				C7F751E5285D2D19004DBDB2 /* GFItemRepoViewController.swift */,
				C7F751E9285D2EBF004DBDB2 /* GFFollowerItemViewController.swift */,
				C7E397132860DC8800B714D8 /* GFDataLoadingViewController.swift */,
			);
			path = "View Controllers";
			sourceTree = "<group>";
		};
/* End PBXGroup section */

/* Begin PBXNativeTarget section */
		C7013E8D2850D6D90005F96D /* GitHubFollowers */ = {
			isa = PBXNativeTarget;
			buildConfigurationList = C7013EA22850D6DA0005F96D /* Build configuration list for PBXNativeTarget "GitHubFollowers" */;
			buildPhases = (
				C7013E8A2850D6D90005F96D /* Sources */,
				C7013E8B2850D6D90005F96D /* Frameworks */,
				C7013E8C2850D6D90005F96D /* Resources */,
			);
			buildRules = (
			);
			dependencies = (
			);
			name = GitHubFollowers;
			productName = GitHubFollowers;
			productReference = C7013E8E2850D6D90005F96D /* GitHubFollowers.app */;
			productType = "com.apple.product-type.application";
		};
/* End PBXNativeTarget section */

/* Begin PBXProject section */
		C7013E862850D6D90005F96D /* Project object */ = {
			isa = PBXProject;
			attributes = {
				BuildIndependentTargetsInParallel = 1;
				LastSwiftUpdateCheck = 1330;
				LastUpgradeCheck = 1330;
				TargetAttributes = {
					C7013E8D2850D6D90005F96D = {
						CreatedOnToolsVersion = 13.3;
					};
				};
			};
			buildConfigurationList = C7013E892850D6D90005F96D /* Build configuration list for PBXProject "GitHubFollowers" */;
			compatibilityVersion = "Xcode 13.0";
			developmentRegion = en;
			hasScannedForEncodings = 0;
			knownRegions = (
				en,
				Base,
			);
			mainGroup = C7013E852850D6D90005F96D;
			productRefGroup = C7013E8F2850D6D90005F96D /* Products */;
			projectDirPath = "";
			projectRoot = "";
			targets = (
				C7013E8D2850D6D90005F96D /* GitHubFollowers */,
			);
		};
/* End PBXProject section */

/* Begin PBXResourcesBuildPhase section */
		C7013E8C2850D6D90005F96D /* Resources */ = {
			isa = PBXResourcesBuildPhase;
			buildActionMask = 2147483647;
			files = (
				C7013E9E2850D6DA0005F96D /* LaunchScreen.storyboard in Resources */,
				C7013E9B2850D6DA0005F96D /* Assets.xcassets in Resources */,
			);
			runOnlyForDeploymentPostprocessing = 0;
		};
/* End PBXResourcesBuildPhase section */

/* Begin PBXSourcesBuildPhase section */
		C7013E8A2850D6D90005F96D /* Sources */ = {
			isa = PBXSourcesBuildPhase;
			buildActionMask = 2147483647;
			files = (
				C72A974428634F5400DB7636 /* UIView+Ext.swift in Sources */,
				C7013EC6285140540005F96D /* GFTextField.swift in Sources */,
				C78259C5285A6E2200BCC470 /* UserInfoViewController.swift in Sources */,
				C7F751EA285D2EBF004DBDB2 /* GFFollowerItemViewController.swift in Sources */,
				C7013EA6285100850005F96D /* SearchViewController.swift in Sources */,
				C7013ED628526C530005F96D /* UIViewController+Ext.swift in Sources */,
				C7013EC42851354E0005F96D /* GFButton.swift in Sources */,
				C7013ECC2852112A0005F96D /* FollowersListViewController.swift in Sources */,
				C75E466228565D4600A3BF4B /* GFEmptyStateView.swift in Sources */,
				C7013E922850D6D90005F96D /* AppDelegate.swift in Sources */,
				C75E4653285360C800A3BF4B /* User.swift in Sources */,
				C75E465C2853708300A3BF4B /* FollowerCell.swift in Sources */,
				C75E465E285370F800A3BF4B /* GFAvatarImageView.swift in Sources */,
				C7013ED4285267180005F96D /* GFAlertViewController.swift in Sources */,
				C78259CA285B51F700BCC470 /* GFSecondaryLabel.swift in Sources */,
				C7E3970A2860994100B714D8 /* FavoriteCell.swift in Sources */,
				C7E397102860D1EB00B714D8 /* GFTabBarViewController.swift in Sources */,
				C75E465128535FFD00A3BF4B /* Follower.swift in Sources */,
				C7013EA8285100A70005F96D /* FavoritesListViewController.swift in Sources */,
				C7F751E6285D2D19004DBDB2 /* GFItemRepoViewController.swift in Sources */,
				C7013ED0285265840005F96D /* GFTitleLabel.swift in Sources */,
				C78259C7285B51A100BCC470 /* GFUserHeaderInfoViewController.swift in Sources */,
				C7E397122860D78B00B714D8 /* GFAlertContainerView.swift in Sources */,
				C75E465928536B5300A3BF4B /* GFError.swift in Sources */,
				C7E397142860DC8800B714D8 /* GFDataLoadingViewController.swift in Sources */,
				C7E39708285FE30A00B714D8 /* PersistenceManager.swift in Sources */,
				C75E4660285637BF00A3BF4B /* UIHelper.swift in Sources */,
				C7F751E4285D27E7004DBDB2 /* GFItemInfoViewController.swift in Sources */,
				C7F751EC285E272E004DBDB2 /* Date+Ext.swift in Sources */,
				C75E46562853634B00A3BF4B /* NetworkManager.swift in Sources */,
				C7013E942850D6D90005F96D /* SceneDelegate.swift in Sources */,
				C7F751E1285D1959004DBDB2 /* GFItemInfoView.swift in Sources */,
				C72A974628648CB300DB7636 /* UITableView+Ext.swift in Sources */,
				C7013ED2285266810005F96D /* GFBodyLabel.swift in Sources */,
				C78259CC285B582300BCC470 /* Constants.swift in Sources */,
			);
			runOnlyForDeploymentPostprocessing = 0;
		};
/* End PBXSourcesBuildPhase section */

/* Begin PBXVariantGroup section */
		C7013E9C2850D6DA0005F96D /* LaunchScreen.storyboard */ = {
			isa = PBXVariantGroup;
			children = (
				C7013E9D2850D6DA0005F96D /* Base */,
			);
			name = LaunchScreen.storyboard;
			sourceTree = "<group>";
		};
/* End PBXVariantGroup section */

/* Begin XCBuildConfiguration section */
		C7013EA02850D6DA0005F96D /* Debug */ = {
			isa = XCBuildConfiguration;
			buildSettings = {
				ALWAYS_SEARCH_USER_PATHS = NO;
				CLANG_ANALYZER_NONNULL = YES;
				CLANG_ANALYZER_NUMBER_OBJECT_CONVERSION = YES_AGGRESSIVE;
				CLANG_CXX_LANGUAGE_STANDARD = "gnu++17";
				CLANG_ENABLE_MODULES = YES;
				CLANG_ENABLE_OBJC_ARC = YES;
				CLANG_ENABLE_OBJC_WEAK = YES;
				CLANG_WARN_BLOCK_CAPTURE_AUTORELEASING = YES;
				CLANG_WARN_BOOL_CONVERSION = YES;
				CLANG_WARN_COMMA = YES;
				CLANG_WARN_CONSTANT_CONVERSION = YES;
				CLANG_WARN_DEPRECATED_OBJC_IMPLEMENTATIONS = YES;
				CLANG_WARN_DIRECT_OBJC_ISA_USAGE = YES_ERROR;
				CLANG_WARN_DOCUMENTATION_COMMENTS = YES;
				CLANG_WARN_EMPTY_BODY = YES;
				CLANG_WARN_ENUM_CONVERSION = YES;
				CLANG_WARN_INFINITE_RECURSION = YES;
				CLANG_WARN_INT_CONVERSION = YES;
				CLANG_WARN_NON_LITERAL_NULL_CONVERSION = YES;
				CLANG_WARN_OBJC_IMPLICIT_RETAIN_SELF = YES;
				CLANG_WARN_OBJC_LITERAL_CONVERSION = YES;
				CLANG_WARN_OBJC_ROOT_CLASS = YES_ERROR;
				CLANG_WARN_QUOTED_INCLUDE_IN_FRAMEWORK_HEADER = YES;
				CLANG_WARN_RANGE_LOOP_ANALYSIS = YES;
				CLANG_WARN_STRICT_PROTOTYPES = YES;
				CLANG_WARN_SUSPICIOUS_MOVE = YES;
				CLANG_WARN_UNGUARDED_AVAILABILITY = YES_AGGRESSIVE;
				CLANG_WARN_UNREACHABLE_CODE = YES;
				CLANG_WARN__DUPLICATE_METHOD_MATCH = YES;
				COPY_PHASE_STRIP = NO;
				DEBUG_INFORMATION_FORMAT = dwarf;
				ENABLE_STRICT_OBJC_MSGSEND = YES;
				ENABLE_TESTABILITY = YES;
				GCC_C_LANGUAGE_STANDARD = gnu11;
				GCC_DYNAMIC_NO_PIC = NO;
				GCC_NO_COMMON_BLOCKS = YES;
				GCC_OPTIMIZATION_LEVEL = 0;
				GCC_PREPROCESSOR_DEFINITIONS = (
					"DEBUG=1",
					"$(inherited)",
				);
				GCC_WARN_64_TO_32_BIT_CONVERSION = YES;
				GCC_WARN_ABOUT_RETURN_TYPE = YES_ERROR;
				GCC_WARN_UNDECLARED_SELECTOR = YES;
				GCC_WARN_UNINITIALIZED_AUTOS = YES_AGGRESSIVE;
				GCC_WARN_UNUSED_FUNCTION = YES;
				GCC_WARN_UNUSED_VARIABLE = YES;
				IPHONEOS_DEPLOYMENT_TARGET = 16.0;
				MTL_ENABLE_DEBUG_INFO = INCLUDE_SOURCE;
				MTL_FAST_MATH = YES;
				ONLY_ACTIVE_ARCH = YES;
				SDKROOT = iphoneos;
				SWIFT_ACTIVE_COMPILATION_CONDITIONS = DEBUG;
				SWIFT_OPTIMIZATION_LEVEL = "-Onone";
			};
			name = Debug;
		};
		C7013EA12850D6DA0005F96D /* Release */ = {
			isa = XCBuildConfiguration;
			buildSettings = {
				ALWAYS_SEARCH_USER_PATHS = NO;
				CLANG_ANALYZER_NONNULL = YES;
				CLANG_ANALYZER_NUMBER_OBJECT_CONVERSION = YES_AGGRESSIVE;
				CLANG_CXX_LANGUAGE_STANDARD = "gnu++17";
				CLANG_ENABLE_MODULES = YES;
				CLANG_ENABLE_OBJC_ARC = YES;
				CLANG_ENABLE_OBJC_WEAK = YES;
				CLANG_WARN_BLOCK_CAPTURE_AUTORELEASING = YES;
				CLANG_WARN_BOOL_CONVERSION = YES;
				CLANG_WARN_COMMA = YES;
				CLANG_WARN_CONSTANT_CONVERSION = YES;
				CLANG_WARN_DEPRECATED_OBJC_IMPLEMENTATIONS = YES;
				CLANG_WARN_DIRECT_OBJC_ISA_USAGE = YES_ERROR;
				CLANG_WARN_DOCUMENTATION_COMMENTS = YES;
				CLANG_WARN_EMPTY_BODY = YES;
				CLANG_WARN_ENUM_CONVERSION = YES;
				CLANG_WARN_INFINITE_RECURSION = YES;
				CLANG_WARN_INT_CONVERSION = YES;
				CLANG_WARN_NON_LITERAL_NULL_CONVERSION = YES;
				CLANG_WARN_OBJC_IMPLICIT_RETAIN_SELF = YES;
				CLANG_WARN_OBJC_LITERAL_CONVERSION = YES;
				CLANG_WARN_OBJC_ROOT_CLASS = YES_ERROR;
				CLANG_WARN_QUOTED_INCLUDE_IN_FRAMEWORK_HEADER = YES;
				CLANG_WARN_RANGE_LOOP_ANALYSIS = YES;
				CLANG_WARN_STRICT_PROTOTYPES = YES;
				CLANG_WARN_SUSPICIOUS_MOVE = YES;
				CLANG_WARN_UNGUARDED_AVAILABILITY = YES_AGGRESSIVE;
				CLANG_WARN_UNREACHABLE_CODE = YES;
				CLANG_WARN__DUPLICATE_METHOD_MATCH = YES;
				COPY_PHASE_STRIP = NO;
				DEBUG_INFORMATION_FORMAT = "dwarf-with-dsym";
				ENABLE_NS_ASSERTIONS = NO;
				ENABLE_STRICT_OBJC_MSGSEND = YES;
				GCC_C_LANGUAGE_STANDARD = gnu11;
				GCC_NO_COMMON_BLOCKS = YES;
				GCC_WARN_64_TO_32_BIT_CONVERSION = YES;
				GCC_WARN_ABOUT_RETURN_TYPE = YES_ERROR;
				GCC_WARN_UNDECLARED_SELECTOR = YES;
				GCC_WARN_UNINITIALIZED_AUTOS = YES_AGGRESSIVE;
				GCC_WARN_UNUSED_FUNCTION = YES;
				GCC_WARN_UNUSED_VARIABLE = YES;
				IPHONEOS_DEPLOYMENT_TARGET = 16.0;
				MTL_ENABLE_DEBUG_INFO = NO;
				MTL_FAST_MATH = YES;
				SDKROOT = iphoneos;
				SWIFT_COMPILATION_MODE = wholemodule;
				SWIFT_OPTIMIZATION_LEVEL = "-O";
				VALIDATE_PRODUCT = YES;
			};
			name = Release;
		};
		C7013EA32850D6DA0005F96D /* Debug */ = {
			isa = XCBuildConfiguration;
			buildSettings = {
				ASSETCATALOG_COMPILER_APPICON_NAME = AppIcon;
				ASSETCATALOG_COMPILER_GLOBAL_ACCENT_COLOR_NAME = AccentColor;
				CODE_SIGN_STYLE = Automatic;
				CURRENT_PROJECT_VERSION = 1;
				DEVELOPMENT_TEAM = JZXFRUSM49;
				GENERATE_INFOPLIST_FILE = YES;
				INFOPLIST_FILE = GitHubFollowers/Info.plist;
				INFOPLIST_KEY_UIApplicationSupportsIndirectInputEvents = YES;
				INFOPLIST_KEY_UILaunchStoryboardName = LaunchScreen;
				INFOPLIST_KEY_UISupportedInterfaceOrientations = UIInterfaceOrientationPortrait;
				INFOPLIST_KEY_UISupportedInterfaceOrientations_iPad = "UIInterfaceOrientationLandscapeLeft UIInterfaceOrientationLandscapeRight UIInterfaceOrientationPortraitUpsideDown";
				LD_RUNPATH_SEARCH_PATHS = (
					"$(inherited)",
					"@executable_path/Frameworks",
				);
				MARKETING_VERSION = 1.0;
				PRODUCT_BUNDLE_IDENTIFIER = com.vcapretz.GitHubFollowers;
				PRODUCT_NAME = "$(TARGET_NAME)";
				SWIFT_EMIT_LOC_STRINGS = YES;
				SWIFT_VERSION = 5.0;
				TARGETED_DEVICE_FAMILY = 1;
			};
			name = Debug;
		};
		C7013EA42850D6DA0005F96D /* Release */ = {
			isa = XCBuildConfiguration;
			buildSettings = {
				ASSETCATALOG_COMPILER_APPICON_NAME = AppIcon;
				ASSETCATALOG_COMPILER_GLOBAL_ACCENT_COLOR_NAME = AccentColor;
				CODE_SIGN_STYLE = Automatic;
				CURRENT_PROJECT_VERSION = 1;
				DEVELOPMENT_TEAM = JZXFRUSM49;
				GENERATE_INFOPLIST_FILE = YES;
				INFOPLIST_FILE = GitHubFollowers/Info.plist;
				INFOPLIST_KEY_UIApplicationSupportsIndirectInputEvents = YES;
				INFOPLIST_KEY_UILaunchStoryboardName = LaunchScreen;
				INFOPLIST_KEY_UISupportedInterfaceOrientations = UIInterfaceOrientationPortrait;
				INFOPLIST_KEY_UISupportedInterfaceOrientations_iPad = "UIInterfaceOrientationLandscapeLeft UIInterfaceOrientationLandscapeRight UIInterfaceOrientationPortraitUpsideDown";
				LD_RUNPATH_SEARCH_PATHS = (
					"$(inherited)",
					"@executable_path/Frameworks",
				);
				MARKETING_VERSION = 1.0;
				PRODUCT_BUNDLE_IDENTIFIER = com.vcapretz.GitHubFollowers;
				PRODUCT_NAME = "$(TARGET_NAME)";
				SWIFT_EMIT_LOC_STRINGS = YES;
				SWIFT_VERSION = 5.0;
				TARGETED_DEVICE_FAMILY = 1;
			};
			name = Release;
		};
/* End XCBuildConfiguration section */

/* Begin XCConfigurationList section */
		C7013E892850D6D90005F96D /* Build configuration list for PBXProject "GitHubFollowers" */ = {
			isa = XCConfigurationList;
			buildConfigurations = (
				C7013EA02850D6DA0005F96D /* Debug */,
				C7013EA12850D6DA0005F96D /* Release */,
			);
			defaultConfigurationIsVisible = 0;
			defaultConfigurationName = Release;
		};
		C7013EA22850D6DA0005F96D /* Build configuration list for PBXNativeTarget "GitHubFollowers" */ = {
			isa = XCConfigurationList;
			buildConfigurations = (
				C7013EA32850D6DA0005F96D /* Debug */,
				C7013EA42850D6DA0005F96D /* Release */,
			);
			defaultConfigurationIsVisible = 0;
			defaultConfigurationName = Release;
		};
/* End XCConfigurationList section */
	};
	rootObject = C7013E862850D6D90005F96D /* Project object */;
}
